
Microsoft Visual Studio Solution File, Format Version 12.00
# Visual Studio Version 17
VisualStudioVersion = 17.7.34221.43
MinimumVisualStudioVersion = 10.0.40219.1
Project("{2150E333-8FDC-42A3-9474-1A3956D46DE8}") = "app", "app", "{472944D9-84C1-4D13-9613-FC1213BA9498}"
EndProject
Project("{2150E333-8FDC-42A3-9474-1A3956D46DE8}") = "core", "core", "{C3633483-F218-457B-BA8B-4967C6564567}"
EndProject
Project("{9A19103F-16F7-4668-BE54-9A1E7A4F7556}") = "BemCase.Web", "app\BemCase.Web\BemCase.Web.csproj", "{F7D08E4F-8CE5-4AA7-B172-D7008848E6D2}"
EndProject
Project("{9A19103F-16F7-4668-BE54-9A1E7A4F7556}") = "Core.Application", "core\Core.Application\Core.Application.csproj", "{812F9460-FDF2-4C9A-8608-525E9FFCD3CF}"
EndProject
Project("{9A19103F-16F7-4668-BE54-9A1E7A4F7556}") = "Core.Persistence", "core\Core.Persistence\Core.Persistence.csproj", "{4F82F950-20B7-4B3D-AA59-BDEA04AC385F}"
EndProject
Project("{9A19103F-16F7-4668-BE54-9A1E7A4F7556}") = "Core.CrossCuttingConcerns", "core\Core.CrossCuttingConcerns\Core.CrossCuttingConcerns.csproj", "{0469A9EE-C798-48A5-9B53-4C75DA627ADC}"
EndProject
Project("{9A19103F-16F7-4668-BE54-9A1E7A4F7556}") = "Core.Mailing", "core\Core.Mailing\Core.Mailing.csproj", "{16514DD7-2CCC-43C2-9F6D-85836BD1A2D1}"
EndProject
Project("{9A19103F-16F7-4668-BE54-9A1E7A4F7556}") = "BemCase.Persistence", "app\BemCase.Persistence\BemCase.Persistence.csproj", "{1F697B01-3BAB-479D-9F11-34EE0D06823A}"
EndProject
Project("{9A19103F-16F7-4668-BE54-9A1E7A4F7556}") = "BemCase.Domain", "app\BemCase.Domain\BemCase.Domain.csproj", "{68F7DCC3-E1E6-499E-84B7-EFB92BEC77B2}"
EndProject
Project("{9A19103F-16F7-4668-BE54-9A1E7A4F7556}") = "BemCase.Application", "app\BemCase.Application\BemCase.Application.csproj", "{F177A7BE-6D16-4441-8850-CA9F3CCBAF8C}"
EndProject
Global
	GlobalSection(SolutionConfigurationPlatforms) = preSolution
		Debug|Any CPU = Debug|Any CPU
		Release|Any CPU = Release|Any CPU
	EndGlobalSection
	GlobalSection(ProjectConfigurationPlatforms) = postSolution
		{F7D08E4F-8CE5-4AA7-B172-D7008848E6D2}.Debug|Any CPU.ActiveCfg = Debug|Any CPU
		{F7D08E4F-8CE5-4AA7-B172-D7008848E6D2}.Debug|Any CPU.Build.0 = Debug|Any CPU
		{F7D08E4F-8CE5-4AA7-B172-D7008848E6D2}.Release|Any CPU.ActiveCfg = Release|Any CPU
		{F7D08E4F-8CE5-4AA7-B172-D7008848E6D2}.Release|Any CPU.Build.0 = Release|Any CPU
		{812F9460-FDF2-4C9A-8608-525E9FFCD3CF}.Debug|Any CPU.ActiveCfg = Debug|Any CPU
		{812F9460-FDF2-4C9A-8608-525E9FFCD3CF}.Debug|Any CPU.Build.0 = Debug|Any CPU
		{812F9460-FDF2-4C9A-8608-525E9FFCD3CF}.Release|Any CPU.ActiveCfg = Release|Any CPU
		{812F9460-FDF2-4C9A-8608-525E9FFCD3CF}.Release|Any CPU.Build.0 = Release|Any CPU
		{4F82F950-20B7-4B3D-AA59-BDEA04AC385F}.Debug|Any CPU.ActiveCfg = Debug|Any CPU
		{4F82F950-20B7-4B3D-AA59-BDEA04AC385F}.Debug|Any CPU.Build.0 = Debug|Any CPU
		{4F82F950-20B7-4B3D-AA59-BDEA04AC385F}.Release|Any CPU.ActiveCfg = Release|Any CPU
		{4F82F950-20B7-4B3D-AA59-BDEA04AC385F}.Release|Any CPU.Build.0 = Release|Any CPU
		{0469A9EE-C798-48A5-9B53-4C75DA627ADC}.Debug|Any CPU.ActiveCfg = Debug|Any CPU
		{0469A9EE-C798-48A5-9B53-4C75DA627ADC}.Debug|Any CPU.Build.0 = Debug|Any CPU
		{0469A9EE-C798-48A5-9B53-4C75DA627ADC}.Release|Any CPU.ActiveCfg = Release|Any CPU
		{0469A9EE-C798-48A5-9B53-4C75DA627ADC}.Release|Any CPU.Build.0 = Release|Any CPU
		{16514DD7-2CCC-43C2-9F6D-85836BD1A2D1}.Debug|Any CPU.ActiveCfg = Debug|Any CPU
		{16514DD7-2CCC-43C2-9F6D-85836BD1A2D1}.Debug|Any CPU.Build.0 = Debug|Any CPU
		{16514DD7-2CCC-43C2-9F6D-85836BD1A2D1}.Release|Any CPU.ActiveCfg = Release|Any CPU
		{16514DD7-2CCC-43C2-9F6D-85836BD1A2D1}.Release|Any CPU.Build.0 = Release|Any CPU
		{1F697B01-3BAB-479D-9F11-34EE0D06823A}.Debug|Any CPU.ActiveCfg = Debug|Any CPU
		{1F697B01-3BAB-479D-9F11-34EE0D06823A}.Debug|Any CPU.Build.0 = Debug|Any CPU
		{1F697B01-3BAB-479D-9F11-34EE0D06823A}.Release|Any CPU.ActiveCfg = Release|Any CPU
		{1F697B01-3BAB-479D-9F11-34EE0D06823A}.Release|Any CPU.Build.0 = Release|Any CPU
		{68F7DCC3-E1E6-499E-84B7-EFB92BEC77B2}.Debug|Any CPU.ActiveCfg = Debug|Any CPU
		{68F7DCC3-E1E6-499E-84B7-EFB92BEC77B2}.Debug|Any CPU.Build.0 = Debug|Any CPU
		{68F7DCC3-E1E6-499E-84B7-EFB92BEC77B2}.Release|Any CPU.ActiveCfg = Release|Any CPU
		{68F7DCC3-E1E6-499E-84B7-EFB92BEC77B2}.Release|Any CPU.Build.0 = Release|Any CPU
		{F177A7BE-6D16-4441-8850-CA9F3CCBAF8C}.Debug|Any CPU.ActiveCfg = Debug|Any CPU
		{F177A7BE-6D16-4441-8850-CA9F3CCBAF8C}.Debug|Any CPU.Build.0 = Debug|Any CPU
		{F177A7BE-6D16-4441-8850-CA9F3CCBAF8C}.Release|Any CPU.ActiveCfg = Release|Any CPU
		{F177A7BE-6D16-4441-8850-CA9F3CCBAF8C}.Release|Any CPU.Build.0 = Release|Any CPU
	EndGlobalSection
	GlobalSection(SolutionProperties) = preSolution
		HideSolutionNode = FALSE
	EndGlobalSection
	GlobalSection(NestedProjects) = preSolution
		{F7D08E4F-8CE5-4AA7-B172-D7008848E6D2} = {472944D9-84C1-4D13-9613-FC1213BA9498}
		{812F9460-FDF2-4C9A-8608-525E9FFCD3CF} = {C3633483-F218-457B-BA8B-4967C6564567}
		{4F82F950-20B7-4B3D-AA59-BDEA04AC385F} = {C3633483-F218-457B-BA8B-4967C6564567}
		{0469A9EE-C798-48A5-9B53-4C75DA627ADC} = {C3633483-F218-457B-BA8B-4967C6564567}
		{16514DD7-2CCC-43C2-9F6D-85836BD1A2D1} = {C3633483-F218-457B-BA8B-4967C6564567}
		{1F697B01-3BAB-479D-9F11-34EE0D06823A} = {472944D9-84C1-4D13-9613-FC1213BA9498}
		{68F7DCC3-E1E6-499E-84B7-EFB92BEC77B2} = {472944D9-84C1-4D13-9613-FC1213BA9498}
		{F177A7BE-6D16-4441-8850-CA9F3CCBAF8C} = {472944D9-84C1-4D13-9613-FC1213BA9498}
	EndGlobalSection
	GlobalSection(ExtensibilityGlobals) = postSolution
		SolutionGuid = {E160481C-9058-4399-96BF-3E3C1A5F8699}
	EndGlobalSection
EndGlobal
